
Microsoft Visual Studio Solution File, Format Version 12.00
# Visual Studio Version 17
VisualStudioVersion = 17.0.31912.275
MinimumVisualStudioVersion = 10.0.40219.1
Project("{FAE04EC0-301F-11D3-BF4B-00C04F79EFBC}") = "Quadratic Math App", "mathapp\Quadratic Math App.csproj", "{F56101CF-34D9-4A26-AF93-D20B2A9EA2C2}"
EndProject
Global
	GlobalSection(SolutionConfigurationPlatforms) = preSolution
		Debug|Any CPU = Debug|Any CPU
		Release|Any CPU = Release|Any CPU
	EndGlobalSection
	GlobalSection(ProjectConfigurationPlatforms) = postSolution
		{F56101CF-34D9-4A26-AF93-D20B2A9EA2C2}.Debug|Any CPU.ActiveCfg = Debug|Any CPU
		{F56101CF-34D9-4A26-AF93-D20B2A9EA2C2}.Debug|Any CPU.Build.0 = Debug|Any CPU
		{F56101CF-34D9-4A26-AF93-D20B2A9EA2C2}.Release|Any CPU.ActiveCfg = Release|Any CPU
		{F56101CF-34D9-4A26-AF93-D20B2A9EA2C2}.Release|Any CPU.Build.0 = Release|Any CPU
	EndGlobalSection
	GlobalSection(SolutionProperties) = preSolution
		HideSolutionNode = FALSE
	EndGlobalSection
	GlobalSection(ExtensibilityGlobals) = postSolution
		SolutionGuid = {3DBB8FDA-C134-4C56-9D92-FE57E4F5BBBC}
	EndGlobalSection
EndGlobal
